
Microsoft Visual Studio Solution File, Format Version 12.00
# Visual Studio Version 17
VisualStudioVersion = 17.1.32328.378
MinimumVisualStudioVersion = 10.0.40219.1
Project("{FAE04EC0-301F-11D3-BF4B-00C04F79EFBC}") = "CyberAcademyAssignment", "CyberAcademyAssignment\CyberAcademyAssignment.csproj", "{E119F9E9-86DC-47CB-AA34-5D3DD699D584}"
EndProject
Global
	GlobalSection(SolutionConfigurationPlatforms) = preSolution
		Debug|Any CPU = Debug|Any CPU
		Release|Any CPU = Release|Any CPU
	EndGlobalSection
	GlobalSection(ProjectConfigurationPlatforms) = postSolution
		{E119F9E9-86DC-47CB-AA34-5D3DD699D584}.Debug|Any CPU.ActiveCfg = Debug|Any CPU
		{E119F9E9-86DC-47CB-AA34-5D3DD699D584}.Debug|Any CPU.Build.0 = Debug|Any CPU
		{E119F9E9-86DC-47CB-AA34-5D3DD699D584}.Release|Any CPU.ActiveCfg = Release|Any CPU
		{E119F9E9-86DC-47CB-AA34-5D3DD699D584}.Release|Any CPU.Build.0 = Release|Any CPU
	EndGlobalSection
	GlobalSection(SolutionProperties) = preSolution
		HideSolutionNode = FALSE
	EndGlobalSection
	GlobalSection(ExtensibilityGlobals) = postSolution
		SolutionGuid = {6A0C1F53-46A7-402D-BDCD-A1CDDB19F531}
	EndGlobalSection
EndGlobal
